
Microsoft Visual Studio Solution File, Format Version 12.00
# Visual Studio Version 16
VisualStudioVersion = 16.0.29509.3
MinimumVisualStudioVersion = 10.0.40219.1
Project("{FAE04EC0-301F-11D3-BF4B-00C04F79EFBC}") = "HomeBudgetApp", "HomeBudgetApp.csproj", "{26237CD7-0EED-41A0-84D6-2B61ACFEC4F0}"
EndProject
Global
	GlobalSection(SolutionConfigurationPlatforms) = preSolution
		Debug|Any CPU = Debug|Any CPU
		Release|Any CPU = Release|Any CPU
	EndGlobalSection
	GlobalSection(ProjectConfigurationPlatforms) = postSolution
		{26237CD7-0EED-41A0-84D6-2B61ACFEC4F0}.Debug|Any CPU.ActiveCfg = Debug|Any CPU
		{26237CD7-0EED-41A0-84D6-2B61ACFEC4F0}.Debug|Any CPU.Build.0 = Debug|Any CPU
		{26237CD7-0EED-41A0-84D6-2B61ACFEC4F0}.Release|Any CPU.ActiveCfg = Release|Any CPU
		{26237CD7-0EED-41A0-84D6-2B61ACFEC4F0}.Release|Any CPU.Build.0 = Release|Any CPU
	EndGlobalSection
	GlobalSection(SolutionProperties) = preSolution
		HideSolutionNode = FALSE
	EndGlobalSection
	GlobalSection(ExtensibilityGlobals) = postSolution
		SolutionGuid = {CC2C182D-5664-4906-B8EC-60A4DE7F8C01}
	EndGlobalSection
EndGlobal
